
Microsoft Visual Studio Solution File, Format Version 12.00
# Visual Studio Version 16
VisualStudioVersion = 16.0.32002.261
MinimumVisualStudioVersion = 10.0.40219.1
Project("{9A19103F-16F7-4668-BE54-9A1E7A4F7556}") = "SignASongKata.Application", "SignASongKata\SignASongKata.Application\SignASongKata.Application.csproj", "{8F7EF379-7C3A-426F-A1F4-25BD2358D2EC}"
EndProject
Project("{FAE04EC0-301F-11D3-BF4B-00C04F79EFBC}") = "SignASongKata.Tests", "SignASongKata\SignASongKata.Tests\SignASongKata.Tests\SignASongKata.Tests.csproj", "{0745D22E-7023-4A3E-923E-1E4141873C9E}"
EndProject
Project("{FAE04EC0-301F-11D3-BF4B-00C04F79EFBC}") = "SignASongKata.Core", "SignASongKata\SignASongKata.Core\SignASongKata.Core.csproj", "{06F11835-C9B4-4D32-B864-E93B213D528A}"
EndProject
Global
	GlobalSection(SolutionConfigurationPlatforms) = preSolution
		Debug|Any CPU = Debug|Any CPU
		Release|Any CPU = Release|Any CPU
	EndGlobalSection
	GlobalSection(ProjectConfigurationPlatforms) = postSolution
		{8F7EF379-7C3A-426F-A1F4-25BD2358D2EC}.Debug|Any CPU.ActiveCfg = Debug|Any CPU
		{8F7EF379-7C3A-426F-A1F4-25BD2358D2EC}.Debug|Any CPU.Build.0 = Debug|Any CPU
		{8F7EF379-7C3A-426F-A1F4-25BD2358D2EC}.Release|Any CPU.ActiveCfg = Release|Any CPU
		{8F7EF379-7C3A-426F-A1F4-25BD2358D2EC}.Release|Any CPU.Build.0 = Release|Any CPU
		{0745D22E-7023-4A3E-923E-1E4141873C9E}.Debug|Any CPU.ActiveCfg = Debug|Any CPU
		{0745D22E-7023-4A3E-923E-1E4141873C9E}.Debug|Any CPU.Build.0 = Debug|Any CPU
		{0745D22E-7023-4A3E-923E-1E4141873C9E}.Release|Any CPU.ActiveCfg = Release|Any CPU
		{0745D22E-7023-4A3E-923E-1E4141873C9E}.Release|Any CPU.Build.0 = Release|Any CPU
		{06F11835-C9B4-4D32-B864-E93B213D528A}.Debug|Any CPU.ActiveCfg = Debug|Any CPU
		{06F11835-C9B4-4D32-B864-E93B213D528A}.Debug|Any CPU.Build.0 = Debug|Any CPU
		{06F11835-C9B4-4D32-B864-E93B213D528A}.Release|Any CPU.ActiveCfg = Release|Any CPU
		{06F11835-C9B4-4D32-B864-E93B213D528A}.Release|Any CPU.Build.0 = Release|Any CPU
	EndGlobalSection
	GlobalSection(SolutionProperties) = preSolution
		HideSolutionNode = FALSE
	EndGlobalSection
	GlobalSection(ExtensibilityGlobals) = postSolution
		SolutionGuid = {67505E8E-8C3E-4B1D-B423-C739B47F0293}
	EndGlobalSection
EndGlobal
